// !$*UTF8*$!
{
	archiveVersion = 1;
	classes = {
	};
	objectVersion = 48;
	objects = {

/* Begin PBXBuildFile section */
		7BC60714B72A6E428B74DB91 /* Pods_TrippelRow_Online.framework in Frameworks */ = {isa = PBXBuildFile; fileRef = FA41B9369C5609A2477CBD82 /* Pods_TrippelRow_Online.framework */; };
		97085E4C1FC60C0F00F5B0B1 /* User.swift in Sources */ = {isa = PBXBuildFile; fileRef = 97085E4B1FC60C0F00F5B0B1 /* User.swift */; };
		9753E1371FC324D80057540F /* AppDelegate.swift in Sources */ = {isa = PBXBuildFile; fileRef = 9753E1361FC324D80057540F /* AppDelegate.swift */; };
		9753E13C1FC324D80057540F /* Main.storyboard in Resources */ = {isa = PBXBuildFile; fileRef = 9753E13A1FC324D80057540F /* Main.storyboard */; };
		9753E13E1FC324D80057540F /* Assets.xcassets in Resources */ = {isa = PBXBuildFile; fileRef = 9753E13D1FC324D80057540F /* Assets.xcassets */; };
		9753E1411FC324D80057540F /* LaunchScreen.storyboard in Resources */ = {isa = PBXBuildFile; fileRef = 9753E13F1FC324D80057540F /* LaunchScreen.storyboard */; };
		976B6E961FC7642F0050B1BF /* MenuVC.swift in Sources */ = {isa = PBXBuildFile; fileRef = 976B6E951FC7642F0050B1BF /* MenuVC.swift */; };
		976B6E981FC7659E0050B1BF /* MenuCell.swift in Sources */ = {isa = PBXBuildFile; fileRef = 976B6E971FC7659E0050B1BF /* MenuCell.swift */; };
		976B6E9A1FC768B70050B1BF /* MenuSegue.swift in Sources */ = {isa = PBXBuildFile; fileRef = 976B6E991FC768B70050B1BF /* MenuSegue.swift */; };
		976B6E9D1FC775660050B1BF /* KeyboardCloseExtension.swift in Sources */ = {isa = PBXBuildFile; fileRef = 976B6E9C1FC775660050B1BF /* KeyboardCloseExtension.swift */; };
		977560811FC329080089B394 /* GoogleService-Info.plist in Resources */ = {isa = PBXBuildFile; fileRef = 977560801FC329080089B394 /* GoogleService-Info.plist */; };
		977DE3731FC7386B00971329 /* HeaderView.swift in Sources */ = {isa = PBXBuildFile; fileRef = 977DE3721FC7386B00971329 /* HeaderView.swift */; };
		977DE3761FC738AC00971329 /* Shadow.swift in Sources */ = {isa = PBXBuildFile; fileRef = 977DE3751FC738AC00971329 /* Shadow.swift */; };
		97A8B4391FC4AF9D00254183 /* LoginTextFields.swift in Sources */ = {isa = PBXBuildFile; fileRef = 97A8B4381FC4AF9D00254183 /* LoginTextFields.swift */; };
		97A8B43C1FC4BC1F00254183 /* LogScreenButtons.swift in Sources */ = {isa = PBXBuildFile; fileRef = 97A8B43B1FC4BC1F00254183 /* LogScreenButtons.swift */; };
		97E253271FC73DD6004415D8 /* LogView.swift in Sources */ = {isa = PBXBuildFile; fileRef = 977DE38A1FC73C2A00971329 /* LogView.swift */; };
		97E253281FC73DD6004415D8 /* MainVC.swift in Sources */ = {isa = PBXBuildFile; fileRef = 977DE3891FC73C2A00971329 /* MainVC.swift */; };
/* End PBXBuildFile section */

/* Begin PBXFileReference section */
		5CC52BBAC9BEB656262131C0 /* Pods-TrippelRow Online.debug.xcconfig */ = {isa = PBXFileReference; includeInIndex = 1; lastKnownFileType = text.xcconfig; name = "Pods-TrippelRow Online.debug.xcconfig"; path = "Pods/Target Support Files/Pods-TrippelRow Online/Pods-TrippelRow Online.debug.xcconfig"; sourceTree = "<group>"; };
		6F8EDAC56FECD37F2D4BD0C6 /* Pods-TrippelRow Online.release.xcconfig */ = {isa = PBXFileReference; includeInIndex = 1; lastKnownFileType = text.xcconfig; name = "Pods-TrippelRow Online.release.xcconfig"; path = "Pods/Target Support Files/Pods-TrippelRow Online/Pods-TrippelRow Online.release.xcconfig"; sourceTree = "<group>"; };
		97085E4B1FC60C0F00F5B0B1 /* User.swift */ = {isa = PBXFileReference; fileEncoding = 4; lastKnownFileType = sourcecode.swift; path = User.swift; sourceTree = "<group>"; };
		9753E1331FC324D80057540F /* TrippelRow Online.app */ = {isa = PBXFileReference; explicitFileType = wrapper.application; includeInIndex = 0; path = "TrippelRow Online.app"; sourceTree = BUILT_PRODUCTS_DIR; };
		9753E1361FC324D80057540F /* AppDelegate.swift */ = {isa = PBXFileReference; lastKnownFileType = sourcecode.swift; path = AppDelegate.swift; sourceTree = "<group>"; };
		9753E13B1FC324D80057540F /* Base */ = {isa = PBXFileReference; lastKnownFileType = file.storyboard; name = Base; path = Base.lproj/Main.storyboard; sourceTree = "<group>"; };
		9753E13D1FC324D80057540F /* Assets.xcassets */ = {isa = PBXFileReference; lastKnownFileType = folder.assetcatalog; path = Assets.xcassets; sourceTree = "<group>"; };
		9753E1401FC324D80057540F /* Base */ = {isa = PBXFileReference; lastKnownFileType = file.storyboard; name = Base; path = Base.lproj/LaunchScreen.storyboard; sourceTree = "<group>"; };
		9753E1421FC324D80057540F /* Info.plist */ = {isa = PBXFileReference; lastKnownFileType = text.plist.xml; path = Info.plist; sourceTree = "<group>"; };
		976B6E951FC7642F0050B1BF /* MenuVC.swift */ = {isa = PBXFileReference; lastKnownFileType = sourcecode.swift; path = MenuVC.swift; sourceTree = "<group>"; };
		976B6E971FC7659E0050B1BF /* MenuCell.swift */ = {isa = PBXFileReference; lastKnownFileType = sourcecode.swift; path = MenuCell.swift; sourceTree = "<group>"; };
		976B6E991FC768B70050B1BF /* MenuSegue.swift */ = {isa = PBXFileReference; lastKnownFileType = sourcecode.swift; path = MenuSegue.swift; sourceTree = "<group>"; };
		976B6E9C1FC775660050B1BF /* KeyboardCloseExtension.swift */ = {isa = PBXFileReference; lastKnownFileType = sourcecode.swift; path = KeyboardCloseExtension.swift; sourceTree = "<group>"; };
		977560801FC329080089B394 /* GoogleService-Info.plist */ = {isa = PBXFileReference; fileEncoding = 4; lastKnownFileType = text.plist.xml; path = "GoogleService-Info.plist"; sourceTree = "<group>"; };
		977DE3721FC7386B00971329 /* HeaderView.swift */ = {isa = PBXFileReference; lastKnownFileType = sourcecode.swift; path = HeaderView.swift; sourceTree = "<group>"; };
		977DE3751FC738AC00971329 /* Shadow.swift */ = {isa = PBXFileReference; lastKnownFileType = sourcecode.swift; path = Shadow.swift; sourceTree = "<group>"; };
		977DE3891FC73C2A00971329 /* MainVC.swift */ = {isa = PBXFileReference; fileEncoding = 4; lastKnownFileType = sourcecode.swift; path = MainVC.swift; sourceTree = "<group>"; };
		977DE38A1FC73C2A00971329 /* LogView.swift */ = {isa = PBXFileReference; fileEncoding = 4; lastKnownFileType = sourcecode.swift; path = LogView.swift; sourceTree = "<group>"; };
		97A8B4381FC4AF9D00254183 /* LoginTextFields.swift */ = {isa = PBXFileReference; lastKnownFileType = sourcecode.swift; path = LoginTextFields.swift; sourceTree = "<group>"; };
		97A8B43B1FC4BC1F00254183 /* LogScreenButtons.swift */ = {isa = PBXFileReference; lastKnownFileType = sourcecode.swift; path = LogScreenButtons.swift; sourceTree = "<group>"; };
		FA41B9369C5609A2477CBD82 /* Pods_TrippelRow_Online.framework */ = {isa = PBXFileReference; explicitFileType = wrapper.framework; includeInIndex = 0; path = Pods_TrippelRow_Online.framework; sourceTree = BUILT_PRODUCTS_DIR; };
/* End PBXFileReference section */

/* Begin PBXFrameworksBuildPhase section */
		9753E1301FC324D80057540F /* Frameworks */ = {
			isa = PBXFrameworksBuildPhase;
			buildActionMask = 2147483647;
			files = (
				7BC60714B72A6E428B74DB91 /* Pods_TrippelRow_Online.framework in Frameworks */,
			);
			runOnlyForDeploymentPostprocessing = 0;
		};
/* End PBXFrameworksBuildPhase section */

/* Begin PBXGroup section */
		94662259AAD03DCD27952EC8 /* Frameworks */ = {
			isa = PBXGroup;
			children = (
				FA41B9369C5609A2477CBD82 /* Pods_TrippelRow_Online.framework */,
			);
			name = Frameworks;
			sourceTree = "<group>";
		};
		961A059D6BACC6E7DE7B1064 /* Pods */ = {
			isa = PBXGroup;
			children = (
				5CC52BBAC9BEB656262131C0 /* Pods-TrippelRow Online.debug.xcconfig */,
				6F8EDAC56FECD37F2D4BD0C6 /* Pods-TrippelRow Online.release.xcconfig */,
			);
			name = Pods;
			sourceTree = "<group>";
		};
		9753E12A1FC324D80057540F = {
			isa = PBXGroup;
			children = (
				9753E1351FC324D80057540F /* TrippelRow Online */,
				9753E1341FC324D80057540F /* Products */,
				961A059D6BACC6E7DE7B1064 /* Pods */,
				94662259AAD03DCD27952EC8 /* Frameworks */,
			);
			sourceTree = "<group>";
		};
		9753E1341FC324D80057540F /* Products */ = {
			isa = PBXGroup;
			children = (
				9753E1331FC324D80057540F /* TrippelRow Online.app */,
			);
			name = Products;
			sourceTree = "<group>";
		};
		9753E1351FC324D80057540F /* TrippelRow Online */ = {
			isa = PBXGroup;
			children = (
				976B6E9B1FC775450050B1BF /* Extensions */,
				977DE3741FC7389C00971329 /* Protocol */,
				977560841FC32BD60089B394 /* Model */,
				977560831FC32BCF0089B394 /* View */,
				977560821FC32BC20089B394 /* Controller */,
				9753E1361FC324D80057540F /* AppDelegate.swift */,
				9753E13A1FC324D80057540F /* Main.storyboard */,
				9753E13D1FC324D80057540F /* Assets.xcassets */,
				9753E13F1FC324D80057540F /* LaunchScreen.storyboard */,
				9753E1421FC324D80057540F /* Info.plist */,
				977560801FC329080089B394 /* GoogleService-Info.plist */,
			);
			path = "TrippelRow Online";
			sourceTree = "<group>";
		};
		976B6E9B1FC775450050B1BF /* Extensions */ = {
			isa = PBXGroup;
			children = (
				976B6E9C1FC775660050B1BF /* KeyboardCloseExtension.swift */,
			);
			path = Extensions;
			sourceTree = "<group>";
		};
		977560821FC32BC20089B394 /* Controller */ = {
			isa = PBXGroup;
			children = (
				977DE38A1FC73C2A00971329 /* LogView.swift */,
				977DE3891FC73C2A00971329 /* MainVC.swift */,
				976B6E951FC7642F0050B1BF /* MenuVC.swift */,
			);
			path = Controller;
			sourceTree = "<group>";
		};
		977560831FC32BCF0089B394 /* View */ = {
			isa = PBXGroup;
			children = (
				97A8B4381FC4AF9D00254183 /* LoginTextFields.swift */,
				97A8B43B1FC4BC1F00254183 /* LogScreenButtons.swift */,
				977DE3721FC7386B00971329 /* HeaderView.swift */,
				976B6E971FC7659E0050B1BF /* MenuCell.swift */,
				976B6E991FC768B70050B1BF /* MenuSegue.swift */,
			);
			path = View;
			sourceTree = "<group>";
		};
		977560841FC32BD60089B394 /* Model */ = {
			isa = PBXGroup;
			children = (
				97085E4B1FC60C0F00F5B0B1 /* User.swift */,
			);
			path = Model;
			sourceTree = "<group>";
		};
		977DE3741FC7389C00971329 /* Protocol */ = {
			isa = PBXGroup;
			children = (
				977DE3751FC738AC00971329 /* Shadow.swift */,
			);
			path = Protocol;
			sourceTree = "<group>";
		};
/* End PBXGroup section */

/* Begin PBXNativeTarget section */
		9753E1321FC324D80057540F /* TrippelRow Online */ = {
			isa = PBXNativeTarget;
			buildConfigurationList = 9753E1451FC324D80057540F /* Build configuration list for PBXNativeTarget "TrippelRow Online" */;
			buildPhases = (
				FDF4C66CD0E765C5C8D21ABA /* [CP] Check Pods Manifest.lock */,
				9753E12F1FC324D80057540F /* Sources */,
				9753E1301FC324D80057540F /* Frameworks */,
				9753E1311FC324D80057540F /* Resources */,
				1826FBE6E03F6D9059D47FD8 /* [CP] Embed Pods Frameworks */,
				23C4AAF486BB341822236847 /* [CP] Copy Pods Resources */,
			);
			buildRules = (
			);
			dependencies = (
			);
			name = "TrippelRow Online";
			productName = "TrippelRow Online";
			productReference = 9753E1331FC324D80057540F /* TrippelRow Online.app */;
			productType = "com.apple.product-type.application";
		};
/* End PBXNativeTarget section */

/* Begin PBXProject section */
		9753E12B1FC324D80057540F /* Project object */ = {
			isa = PBXProject;
			attributes = {
				LastSwiftUpdateCheck = 0910;
				LastUpgradeCheck = 0910;
				ORGANIZATIONNAME = "Gustav Wadström";
				TargetAttributes = {
					9753E1321FC324D80057540F = {
						CreatedOnToolsVersion = 9.1;
						ProvisioningStyle = Automatic;
					};
				};
			};
			buildConfigurationList = 9753E12E1FC324D80057540F /* Build configuration list for PBXProject "TrippelRow Online" */;
			compatibilityVersion = "Xcode 8.0";
			developmentRegion = en;
			hasScannedForEncodings = 0;
			knownRegions = (
				en,
				Base,
			);
			mainGroup = 9753E12A1FC324D80057540F;
			productRefGroup = 9753E1341FC324D80057540F /* Products */;
			projectDirPath = "";
			projectRoot = "";
			targets = (
				9753E1321FC324D80057540F /* TrippelRow Online */,
			);
		};
/* End PBXProject section */

/* Begin PBXResourcesBuildPhase section */
		9753E1311FC324D80057540F /* Resources */ = {
			isa = PBXResourcesBuildPhase;
			buildActionMask = 2147483647;
			files = (
				9753E1411FC324D80057540F /* LaunchScreen.storyboard in Resources */,
				977560811FC329080089B394 /* GoogleService-Info.plist in Resources */,
				9753E13E1FC324D80057540F /* Assets.xcassets in Resources */,
				9753E13C1FC324D80057540F /* Main.storyboard in Resources */,
			);
			runOnlyForDeploymentPostprocessing = 0;
		};
/* End PBXResourcesBuildPhase section */

/* Begin PBXShellScriptBuildPhase section */
		1826FBE6E03F6D9059D47FD8 /* [CP] Embed Pods Frameworks */ = {
			isa = PBXShellScriptBuildPhase;
			buildActionMask = 2147483647;
			files = (
			);
			inputPaths = (
				"${SRCROOT}/Pods/Target Support Files/Pods-TrippelRow Online/Pods-TrippelRow Online-frameworks.sh",
				"${BUILT_PRODUCTS_DIR}/Bolts/Bolts.framework",
				"${BUILT_PRODUCTS_DIR}/FBSDKCoreKit/FBSDKCoreKit.framework",
				"${BUILT_PRODUCTS_DIR}/FBSDKLoginKit/FBSDKLoginKit.framework",
				"${BUILT_PRODUCTS_DIR}/FacebookCore/FacebookCore.framework",
				"${BUILT_PRODUCTS_DIR}/FacebookLogin/FacebookLogin.framework",
				"${BUILT_PRODUCTS_DIR}/GTMSessionFetcher/GTMSessionFetcher.framework",
				"${BUILT_PRODUCTS_DIR}/GoogleToolboxForMac/GoogleToolboxForMac.framework",
				"${BUILT_PRODUCTS_DIR}/nanopb/nanopb.framework",
			);
			name = "[CP] Embed Pods Frameworks";
			outputPaths = (
				"${TARGET_BUILD_DIR}/${FRAMEWORKS_FOLDER_PATH}/Bolts.framework",
				"${TARGET_BUILD_DIR}/${FRAMEWORKS_FOLDER_PATH}/FBSDKCoreKit.framework",
				"${TARGET_BUILD_DIR}/${FRAMEWORKS_FOLDER_PATH}/FBSDKLoginKit.framework",
				"${TARGET_BUILD_DIR}/${FRAMEWORKS_FOLDER_PATH}/FacebookCore.framework",
				"${TARGET_BUILD_DIR}/${FRAMEWORKS_FOLDER_PATH}/FacebookLogin.framework",
				"${TARGET_BUILD_DIR}/${FRAMEWORKS_FOLDER_PATH}/GTMSessionFetcher.framework",
				"${TARGET_BUILD_DIR}/${FRAMEWORKS_FOLDER_PATH}/GoogleToolboxForMac.framework",
				"${TARGET_BUILD_DIR}/${FRAMEWORKS_FOLDER_PATH}/nanopb.framework",
			);
			runOnlyForDeploymentPostprocessing = 0;
			shellPath = /bin/sh;
			shellScript = "\"${SRCROOT}/Pods/Target Support Files/Pods-TrippelRow Online/Pods-TrippelRow Online-frameworks.sh\"\n";
			showEnvVarsInLog = 0;
		};
		23C4AAF486BB341822236847 /* [CP] Copy Pods Resources */ = {
			isa = PBXShellScriptBuildPhase;
			buildActionMask = 2147483647;
			files = (
			);
			inputPaths = (
			);
			name = "[CP] Copy Pods Resources";
			outputPaths = (
			);
			runOnlyForDeploymentPostprocessing = 0;
			shellPath = /bin/sh;
			shellScript = "\"${SRCROOT}/Pods/Target Support Files/Pods-TrippelRow Online/Pods-TrippelRow Online-resources.sh\"\n";
			showEnvVarsInLog = 0;
		};
		FDF4C66CD0E765C5C8D21ABA /* [CP] Check Pods Manifest.lock */ = {
			isa = PBXShellScriptBuildPhase;
			buildActionMask = 2147483647;
			files = (
			);
			inputPaths = (
				"${PODS_PODFILE_DIR_PATH}/Podfile.lock",
				"${PODS_ROOT}/Manifest.lock",
			);
			name = "[CP] Check Pods Manifest.lock";
			outputPaths = (
				"$(DERIVED_FILE_DIR)/Pods-TrippelRow Online-checkManifestLockResult.txt",
			);
			runOnlyForDeploymentPostprocessing = 0;
			shellPath = /bin/sh;
			shellScript = "diff \"${PODS_PODFILE_DIR_PATH}/Podfile.lock\" \"${PODS_ROOT}/Manifest.lock\" > /dev/null\nif [ $? != 0 ] ; then\n    # print error to STDERR\n    echo \"error: The sandbox is not in sync with the Podfile.lock. Run 'pod install' or update your CocoaPods installation.\" >&2\n    exit 1\nfi\n# This output is used by Xcode 'outputs' to avoid re-running this script phase.\necho \"SUCCESS\" > \"${SCRIPT_OUTPUT_FILE_0}\"\n";
			showEnvVarsInLog = 0;
		};
/* End PBXShellScriptBuildPhase section */

/* Begin PBXSourcesBuildPhase section */
		9753E12F1FC324D80057540F /* Sources */ = {
			isa = PBXSourcesBuildPhase;
			buildActionMask = 2147483647;
			files = (
				97085E4C1FC60C0F00F5B0B1 /* User.swift in Sources */,
				97A8B4391FC4AF9D00254183 /* LoginTextFields.swift in Sources */,
				97A8B43C1FC4BC1F00254183 /* LogScreenButtons.swift in Sources */,
				977DE3761FC738AC00971329 /* Shadow.swift in Sources */,
				9753E1371FC324D80057540F /* AppDelegate.swift in Sources */,
				976B6E961FC7642F0050B1BF /* MenuVC.swift in Sources */,
				976B6E981FC7659E0050B1BF /* MenuCell.swift in Sources */,
				976B6E9D1FC775660050B1BF /* KeyboardCloseExtension.swift in Sources */,
				97E253281FC73DD6004415D8 /* MainVC.swift in Sources */,
				977DE3731FC7386B00971329 /* HeaderView.swift in Sources */,
				976B6E9A1FC768B70050B1BF /* MenuSegue.swift in Sources */,
				97E253271FC73DD6004415D8 /* LogView.swift in Sources */,
			);
			runOnlyForDeploymentPostprocessing = 0;
		};
/* End PBXSourcesBuildPhase section */

/* Begin PBXVariantGroup section */
		9753E13A1FC324D80057540F /* Main.storyboard */ = {
			isa = PBXVariantGroup;
			children = (
				9753E13B1FC324D80057540F /* Base */,
			);
			name = Main.storyboard;
			sourceTree = "<group>";
		};
		9753E13F1FC324D80057540F /* LaunchScreen.storyboard */ = {
			isa = PBXVariantGroup;
			children = (
				9753E1401FC324D80057540F /* Base */,
			);
			name = LaunchScreen.storyboard;
			sourceTree = "<group>";
		};
/* End PBXVariantGroup section */

/* Begin XCBuildConfiguration section */
		9753E1431FC324D80057540F /* Debug */ = {
			isa = XCBuildConfiguration;
			buildSettings = {
				ALWAYS_SEARCH_USER_PATHS = NO;
				CLANG_ANALYZER_NONNULL = YES;
				CLANG_ANALYZER_NUMBER_OBJECT_CONVERSION = YES_AGGRESSIVE;
				CLANG_CXX_LANGUAGE_STANDARD = "gnu++14";
				CLANG_CXX_LIBRARY = "libc++";
				CLANG_ENABLE_MODULES = YES;
				CLANG_ENABLE_OBJC_ARC = YES;
				CLANG_WARN_BLOCK_CAPTURE_AUTORELEASING = YES;
				CLANG_WARN_BOOL_CONVERSION = YES;
				CLANG_WARN_COMMA = YES;
				CLANG_WARN_CONSTANT_CONVERSION = YES;
				CLANG_WARN_DIRECT_OBJC_ISA_USAGE = YES_ERROR;
				CLANG_WARN_DOCUMENTATION_COMMENTS = YES;
				CLANG_WARN_EMPTY_BODY = YES;
				CLANG_WARN_ENUM_CONVERSION = YES;
				CLANG_WARN_INFINITE_RECURSION = YES;
				CLANG_WARN_INT_CONVERSION = YES;
				CLANG_WARN_NON_LITERAL_NULL_CONVERSION = YES;
				CLANG_WARN_OBJC_LITERAL_CONVERSION = YES;
				CLANG_WARN_OBJC_ROOT_CLASS = YES_ERROR;
				CLANG_WARN_RANGE_LOOP_ANALYSIS = YES;
				CLANG_WARN_STRICT_PROTOTYPES = YES;
				CLANG_WARN_SUSPICIOUS_MOVE = YES;
				CLANG_WARN_UNGUARDED_AVAILABILITY = YES_AGGRESSIVE;
				CLANG_WARN_UNREACHABLE_CODE = YES;
				CLANG_WARN__DUPLICATE_METHOD_MATCH = YES;
				CODE_SIGN_IDENTITY = "iPhone Developer";
				COPY_PHASE_STRIP = NO;
				DEBUG_INFORMATION_FORMAT = dwarf;
				ENABLE_STRICT_OBJC_MSGSEND = YES;
				ENABLE_TESTABILITY = YES;
				GCC_C_LANGUAGE_STANDARD = gnu11;
				GCC_DYNAMIC_NO_PIC = NO;
				GCC_NO_COMMON_BLOCKS = YES;
				GCC_OPTIMIZATION_LEVEL = 0;
				GCC_PREPROCESSOR_DEFINITIONS = (
					"DEBUG=1",
					"$(inherited)",
				);
				GCC_WARN_64_TO_32_BIT_CONVERSION = YES;
				GCC_WARN_ABOUT_RETURN_TYPE = YES_ERROR;
				GCC_WARN_UNDECLARED_SELECTOR = YES;
				GCC_WARN_UNINITIALIZED_AUTOS = YES_AGGRESSIVE;
				GCC_WARN_UNUSED_FUNCTION = YES;
				GCC_WARN_UNUSED_VARIABLE = YES;
				IPHONEOS_DEPLOYMENT_TARGET = 11.1;
				MTL_ENABLE_DEBUG_INFO = YES;
				ONLY_ACTIVE_ARCH = YES;
				SDKROOT = iphoneos;
				SWIFT_ACTIVE_COMPILATION_CONDITIONS = DEBUG;
				SWIFT_OPTIMIZATION_LEVEL = "-Onone";
			};
			name = Debug;
		};
		9753E1441FC324D80057540F /* Release */ = {
			isa = XCBuildConfiguration;
			buildSettings = {
				ALWAYS_SEARCH_USER_PATHS = NO;
				CLANG_ANALYZER_NONNULL = YES;
				CLANG_ANALYZER_NUMBER_OBJECT_CONVERSION = YES_AGGRESSIVE;
				CLANG_CXX_LANGUAGE_STANDARD = "gnu++14";
				CLANG_CXX_LIBRARY = "libc++";
				CLANG_ENABLE_MODULES = YES;
				CLANG_ENABLE_OBJC_ARC = YES;
				CLANG_WARN_BLOCK_CAPTURE_AUTORELEASING = YES;
				CLANG_WARN_BOOL_CONVERSION = YES;
				CLANG_WARN_COMMA = YES;
				CLANG_WARN_CONSTANT_CONVERSION = YES;
				CLANG_WARN_DIRECT_OBJC_ISA_USAGE = YES_ERROR;
				CLANG_WARN_DOCUMENTATION_COMMENTS = YES;
				CLANG_WARN_EMPTY_BODY = YES;
				CLANG_WARN_ENUM_CONVERSION = YES;
				CLANG_WARN_INFINITE_RECURSION = YES;
				CLANG_WARN_INT_CONVERSION = YES;
				CLANG_WARN_NON_LITERAL_NULL_CONVERSION = YES;
				CLANG_WARN_OBJC_LITERAL_CONVERSION = YES;
				CLANG_WARN_OBJC_ROOT_CLASS = YES_ERROR;
				CLANG_WARN_RANGE_LOOP_ANALYSIS = YES;
				CLANG_WARN_STRICT_PROTOTYPES = YES;
				CLANG_WARN_SUSPICIOUS_MOVE = YES;
				CLANG_WARN_UNGUARDED_AVAILABILITY = YES_AGGRESSIVE;
				CLANG_WARN_UNREACHABLE_CODE = YES;
				CLANG_WARN__DUPLICATE_METHOD_MATCH = YES;
				CODE_SIGN_IDENTITY = "iPhone Developer";
				COPY_PHASE_STRIP = NO;
				DEBUG_INFORMATION_FORMAT = "dwarf-with-dsym";
				ENABLE_NS_ASSERTIONS = NO;
				ENABLE_STRICT_OBJC_MSGSEND = YES;
				GCC_C_LANGUAGE_STANDARD = gnu11;
				GCC_NO_COMMON_BLOCKS = YES;
				GCC_WARN_64_TO_32_BIT_CONVERSION = YES;
				GCC_WARN_ABOUT_RETURN_TYPE = YES_ERROR;
				GCC_WARN_UNDECLARED_SELECTOR = YES;
				GCC_WARN_UNINITIALIZED_AUTOS = YES_AGGRESSIVE;
				GCC_WARN_UNUSED_FUNCTION = YES;
				GCC_WARN_UNUSED_VARIABLE = YES;
				IPHONEOS_DEPLOYMENT_TARGET = 11.1;
				MTL_ENABLE_DEBUG_INFO = NO;
				SDKROOT = iphoneos;
				SWIFT_OPTIMIZATION_LEVEL = "-Owholemodule";
				VALIDATE_PRODUCT = YES;
			};
			name = Release;
		};
		9753E1461FC324D80057540F /* Debug */ = {
			isa = XCBuildConfiguration;
			baseConfigurationReference = 5CC52BBAC9BEB656262131C0 /* Pods-TrippelRow Online.debug.xcconfig */;
			buildSettings = {
				ASSETCATALOG_COMPILER_APPICON_NAME = AppIcon;
				CODE_SIGN_STYLE = Automatic;
				DEVELOPMENT_TEAM = 3KE4G6G7E4;
				FRAMEWORK_SEARCH_PATHS = (
					"$(inherited)",
					"$(PROJECT_DIR)",
				);
				INFOPLIST_FILE = "TrippelRow Online/Info.plist";
				LD_RUNPATH_SEARCH_PATHS = "$(inherited) @executable_path/Frameworks";
				PRODUCT_BUNDLE_IDENTIFIER = "com.gustavwww.TrippelRow-Online";
				PRODUCT_NAME = "$(TARGET_NAME)";
				SWIFT_VERSION = 4.0;
				TARGETED_DEVICE_FAMILY = 1;
			};
			name = Debug;
		};
		9753E1471FC324D80057540F /* Release */ = {
			isa = XCBuildConfiguration;
			baseConfigurationReference = 6F8EDAC56FECD37F2D4BD0C6 /* Pods-TrippelRow Online.release.xcconfig */;
			buildSettings = {
				ASSETCATALOG_COMPILER_APPICON_NAME = AppIcon;
				CODE_SIGN_STYLE = Automatic;
				DEVELOPMENT_TEAM = 3KE4G6G7E4;
				FRAMEWORK_SEARCH_PATHS = (
					"$(inherited)",
					"$(PROJECT_DIR)",
				);
				INFOPLIST_FILE = "TrippelRow Online/Info.plist";
				LD_RUNPATH_SEARCH_PATHS = "$(inherited) @executable_path/Frameworks";
				PRODUCT_BUNDLE_IDENTIFIER = "com.gustavwww.TrippelRow-Online";
				PRODUCT_NAME = "$(TARGET_NAME)";
				SWIFT_VERSION = 4.0;
				TARGETED_DEVICE_FAMILY = 1;
			};
			name = Release;
		};
/* End XCBuildConfiguration section */

/* Begin XCConfigurationList section */
		9753E12E1FC324D80057540F /* Build configuration list for PBXProject "TrippelRow Online" */ = {
			isa = XCConfigurationList;
			buildConfigurations = (
				9753E1431FC324D80057540F /* Debug */,
				9753E1441FC324D80057540F /* Release */,
			);
			defaultConfigurationIsVisible = 0;
			defaultConfigurationName = Release;
		};
		9753E1451FC324D80057540F /* Build configuration list for PBXNativeTarget "TrippelRow Online" */ = {
			isa = XCConfigurationList;
			buildConfigurations = (
				9753E1461FC324D80057540F /* Debug */,
				9753E1471FC324D80057540F /* Release */,
			);
			defaultConfigurationIsVisible = 0;
			defaultConfigurationName = Release;
		};
/* End XCConfigurationList section */
	};
	rootObject = 9753E12B1FC324D80057540F /* Project object */;
}
